
Microsoft Visual Studio Solution File, Format Version 12.00
# Visual Studio Version 17
VisualStudioVersion = 17.11.35327.3
MinimumVisualStudioVersion = 10.0.40219.1
Project("{9A19103F-16F7-4668-BE54-9A1E7A4F7556}") = "TP_POO_a30517", "TP_POO_a30517.csproj", "{788AF355-8762-4AA9-BDE4-8D470BD1B265}"
	ProjectSection(ProjectDependencies) = postProject
		{4008BA8C-2C06-4668-AF7E-7DD29238A531} = {4008BA8C-2C06-4668-AF7E-7DD29238A531}
	EndProjectSection
EndProject
Project("{FAE04EC0-301F-11D3-BF4B-00C04F79EFBC}") = "Utils", "..\Utils\Utils.csproj", "{4008BA8C-2C06-4668-AF7E-7DD29238A531}"
EndProject
Global
	GlobalSection(SolutionConfigurationPlatforms) = preSolution
		Debug|Any CPU = Debug|Any CPU
		Release|Any CPU = Release|Any CPU
	EndGlobalSection
	GlobalSection(ProjectConfigurationPlatforms) = postSolution
		{788AF355-8762-4AA9-BDE4-8D470BD1B265}.Debug|Any CPU.ActiveCfg = Debug|Any CPU
		{788AF355-8762-4AA9-BDE4-8D470BD1B265}.Debug|Any CPU.Build.0 = Debug|Any CPU
		{788AF355-8762-4AA9-BDE4-8D470BD1B265}.Release|Any CPU.ActiveCfg = Release|Any CPU
		{788AF355-8762-4AA9-BDE4-8D470BD1B265}.Release|Any CPU.Build.0 = Release|Any CPU
		{4008BA8C-2C06-4668-AF7E-7DD29238A531}.Debug|Any CPU.ActiveCfg = Debug|Any CPU
		{4008BA8C-2C06-4668-AF7E-7DD29238A531}.Debug|Any CPU.Build.0 = Debug|Any CPU
		{4008BA8C-2C06-4668-AF7E-7DD29238A531}.Release|Any CPU.ActiveCfg = Release|Any CPU
		{4008BA8C-2C06-4668-AF7E-7DD29238A531}.Release|Any CPU.Build.0 = Release|Any CPU
	EndGlobalSection
	GlobalSection(SolutionProperties) = preSolution
		HideSolutionNode = FALSE
	EndGlobalSection
	GlobalSection(ExtensibilityGlobals) = postSolution
		SolutionGuid = {60898729-405B-4284-A8EE-68CEA3998EC0}
	EndGlobalSection
EndGlobal
